{
    "version": 3,
    "terraform_version": "0.11.13",
    "serial": 49,
    "lineage": "a8b812f8-f567-72e0-04c3-07536267edec",
    "modules": [
        {
            "path": [
                "root"
            ],
            "outputs": {},
            "resources": {},
            "depends_on": []
        },
        {
            "path": [
                "root",
                "dev_rds"
            ],
            "outputs": {
                "subnet_group": {
                    "sensitive": false,
                    "type": "string",
                    "value": "mysql0o-subgp"
                }
            },
            "resources": {
                "aws_db_instance.mysql0o-instance": {
                    "type": "aws_db_instance",
                    "depends_on": [
                        "aws_db_option_group.mysql0o-opg",
                        "aws_db_parameter_group.mysql0o"
                    ],
                    "primary": {
                        "id": "mysql0o-instance",
                        "attributes": {
                            "address": "mysql0o-instance.c4u9uhbque93.rds.cn-north-1.amazonaws.com.cn",
                            "allocated_storage": "20",
                            "arn": "arn:aws-cn:rds:cn-north-1:770349173707:db:mysql0o-instance",
                            "auto_minor_version_upgrade": "true",
                            "availability_zone": "cn-north-1a",
                            "backup_retention_period": "0",
                            "backup_window": "13:04-13:34",
                            "ca_cert_identifier": "rds-ca-2014",
                            "copy_tags_to_snapshot": "false",
                            "db_subnet_group_name": "mysql0o-subgp",
                            "deletion_protection": "false",
                            "domain": "",
                            "domain_iam_role_name": "",
                            "enabled_cloudwatch_logs_exports.#": "0",
                            "endpoint": "mysql0o-instance.c4u9uhbque93.rds.cn-north-1.amazonaws.com.cn:3306",
                            "engine": "mysql",
                            "engine_version": "5.7.22",
                            "hosted_zone_id": "Z2RCSEG0VPNAFY",
                            "iam_database_authentication_enabled": "false",
                            "id": "mysql0o-instance",
                            "identifier": "mysql0o-instance",
                            "instance_class": "db.t2.micro",
                            "iops": "0",
                            "kms_key_id": "",
                            "license_model": "general-public-license",
                            "maintenance_window": "sat:08:34-sat:09:04",
                            "max_allocated_storage": "0",
                            "monitoring_interval": "0",
                            "multi_az": "false",
                            "name": "mydb",
                            "option_group_name": "mysql0o-opg",
                            "parameter_group_name": "mysql0o-pg",
                            "password": "1qaz!QAZ",
                            "performance_insights_enabled": "false",
                            "performance_insights_kms_key_id": "",
                            "performance_insights_retention_period": "0",
                            "port": "3306",
                            "publicly_accessible": "false",
                            "replicas.#": "0",
                            "replicate_source_db": "",
                            "resource_id": "db-6T6QKMBGSH4X7OAKULTUEAKTRA",
                            "security_group_names.#": "0",
                            "skip_final_snapshot": "false",
                            "status": "available",
                            "storage_encrypted": "false",
                            "storage_type": "gp2",
                            "tags.%": "0",
                            "timezone": "",
                            "username": "may",
                            "vpc_security_group_ids.#": "1",
                            "vpc_security_group_ids.2613056218": "sg-0122d2bdb6e518214"
                        },
                        "meta": {
                            "e2bfb730-ecaa-11e6-8f88-34363bc7c4c0": {
                                "create": 2400000000000,
                                "delete": 2400000000000,
                                "update": 4800000000000
                            }
                        },
                        "tainted": false
                    },
                    "deposed": [],
                    "provider": "provider.aws"
                },
                "aws_db_option_group.mysql0o-opg": {
                    "type": "aws_db_option_group",
                    "depends_on": [],
                    "primary": {
                        "id": "mysql0o-opg",
                        "attributes": {
                            "arn": "arn:aws-cn:rds:cn-north-1:770349173707:og:mysql0o-opg",
                            "engine_name": "mysql",
                            "id": "mysql0o-opg",
                            "major_engine_version": "5.7",
                            "name": "mysql0o-opg",
                            "option.#": "0",
                            "option_group_description": "Terraform Option Group mysql0o-opg",
                            "tags.%": "0"
                        },
                        "meta": {
                            "e2bfb730-ecaa-11e6-8f88-34363bc7c4c0": {
                                "delete": 900000000000
                            }
                        },
                        "tainted": false
                    },
                    "deposed": [],
                    "provider": "provider.aws"
                },
                "aws_db_parameter_group.mysql0o": {
                    "type": "aws_db_parameter_group",
                    "depends_on": [],
                    "primary": {
                        "id": "mysql0o-pg",
                        "attributes": {
                            "arn": "arn:aws-cn:rds:cn-north-1:770349173707:pg:mysql0o-pg",
                            "description": "Managed by Terraform",
                            "family": "mysql5.7",
                            "id": "mysql0o-pg",
                            "name": "mysql0o-pg",
                            "parameter.#": "2",
                            "parameter.2421266705.apply_method": "immediate",
                            "parameter.2421266705.name": "character_set_server",
                            "parameter.2421266705.value": "utf8",
                            "parameter.2478663599.apply_method": "immediate",
                            "parameter.2478663599.name": "character_set_client",
                            "parameter.2478663599.value": "utf8",
                            "tags.%": "0"
                        },
                        "meta": {},
                        "tainted": false
                    },
                    "deposed": [],
                    "provider": "provider.aws"
                },
                "aws_db_subnet_group.mysql0o-subgp": {
                    "type": "aws_db_subnet_group",
                    "depends_on": [],
                    "primary": {
                        "id": "mysql0o-subgp",
                        "attributes": {
                            "arn": "arn:aws-cn:rds:cn-north-1:770349173707:subgrp:mysql0o-subgp",
                            "description": "Managed by Terraform",
                            "id": "mysql0o-subgp",
                            "name": "mysql0o-subgp",
                            "subnet_ids.#": "2",
                            "subnet_ids.1775211523": "subnet-070ec9b248f739d06",
                            "subnet_ids.480156100": "subnet-0dc5fbf50bbd29d49",
                            "tags.%": "1",
                            "tags.Name": "Mysql0o subnet group"
                        },
                        "meta": {},
                        "tainted": false
                    },
                    "deposed": [],
                    "provider": "provider.aws"
                }
            },
            "depends_on": []
        },
        {
            "path": [
                "root",
                "dev_sg"
            ],
            "outputs": {
                "web_sg_id": {
                    "sensitive": false,
                    "type": "string",
                    "value": "sg-0122d2bdb6e518214"
                }
            },
            "resources": {
                "aws_security_group.web-sg": {
                    "type": "aws_security_group",
                    "depends_on": [],
                    "primary": {
                        "id": "sg-0122d2bdb6e518214",
                        "attributes": {
                            "arn": "arn:aws-cn:ec2:cn-north-1:770349173707:security-group/sg-0122d2bdb6e518214",
                            "description": "Managed by Terraform",
                            "egress.#": "1",
                            "egress.482069346.cidr_blocks.#": "1",
                            "egress.482069346.cidr_blocks.0": "0.0.0.0/0",
                            "egress.482069346.description": "",
                            "egress.482069346.from_port": "0",
                            "egress.482069346.ipv6_cidr_blocks.#": "0",
                            "egress.482069346.prefix_list_ids.#": "0",
                            "egress.482069346.protocol": "-1",
                            "egress.482069346.security_groups.#": "0",
                            "egress.482069346.self": "false",
                            "egress.482069346.to_port": "0",
                            "id": "sg-0122d2bdb6e518214",
                            "ingress.#": "1",
                            "ingress.81341676.cidr_blocks.#": "1",
                            "ingress.81341676.cidr_blocks.0": "0.0.0.0/0",
                            "ingress.81341676.description": "main-web-sg",
                            "ingress.81341676.from_port": "0",
                            "ingress.81341676.ipv6_cidr_blocks.#": "0",
                            "ingress.81341676.prefix_list_ids.#": "0",
                            "ingress.81341676.protocol": "-1",
                            "ingress.81341676.security_groups.#": "0",
                            "ingress.81341676.self": "false",
                            "ingress.81341676.to_port": "0",
                            "name": "main-web-sg",
                            "owner_id": "770349173707",
                            "revoke_rules_on_delete": "false",
                            "tags.%": "1",
                            "tags.Name": "main-web-sg",
                            "vpc_id": "vpc-09f26c23aebb705d1"
                        },
                        "meta": {
                            "e2bfb730-ecaa-11e6-8f88-34363bc7c4c0": {
                                "create": 600000000000,
                                "delete": 600000000000
                            },
                            "schema_version": "1"
                        },
                        "tainted": false
                    },
                    "deposed": [],
                    "provider": "provider.aws"
                }
            },
            "depends_on": []
        },
        {
            "path": [
                "root",
                "dev_vpc"
            ],
            "outputs": {
                "public_subnets": {
                    "sensitive": false,
                    "type": "list",
                    "value": [
                        "subnet-0dc5fbf50bbd29d49",
                        "subnet-070ec9b248f739d06"
                    ]
                },
                "vpc_id": {
                    "sensitive": false,
                    "type": "string",
                    "value": "vpc-09f26c23aebb705d1"
                }
            },
            "resources": {
                "aws_subnet.public.0": {
                    "type": "aws_subnet",
                    "depends_on": [
                        "data.aws_availability_zones.azs"
                    ],
                    "primary": {
                        "id": "subnet-0dc5fbf50bbd29d49",
                        "attributes": {
                            "arn": "arn:aws-cn:ec2:cn-north-1:770349173707:subnet/subnet-0dc5fbf50bbd29d49",
                            "assign_ipv6_address_on_creation": "false",
                            "availability_zone": "cn-north-1a",
                            "availability_zone_id": "cnn1-az1",
                            "cidr_block": "162.31.1.0/24",
                            "id": "subnet-0dc5fbf50bbd29d49",
                            "ipv6_cidr_block": "",
                            "ipv6_cidr_block_association_id": "",
                            "map_public_ip_on_launch": "true",
                            "owner_id": "770349173707",
                            "tags.%": "1",
                            "tags.Name": "zihx-subnet-1",
                            "vpc_id": "vpc-09f26c23aebb705d1"
                        },
                        "meta": {
                            "e2bfb730-ecaa-11e6-8f88-34363bc7c4c0": {
                                "create": 600000000000,
                                "delete": 1200000000000
                            },
                            "schema_version": "1"
                        },
                        "tainted": false
                    },
                    "deposed": [],
                    "provider": "provider.aws"
                },
                "aws_subnet.public.1": {
                    "type": "aws_subnet",
                    "depends_on": [
                        "data.aws_availability_zones.azs"
                    ],
                    "primary": {
                        "id": "subnet-070ec9b248f739d06",
                        "attributes": {
                            "arn": "arn:aws-cn:ec2:cn-north-1:770349173707:subnet/subnet-070ec9b248f739d06",
                            "assign_ipv6_address_on_creation": "false",
                            "availability_zone": "cn-north-1b",
                            "availability_zone_id": "cnn1-az2",
                            "cidr_block": "162.31.2.0/24",
                            "id": "subnet-070ec9b248f739d06",
                            "ipv6_cidr_block": "",
                            "ipv6_cidr_block_association_id": "",
                            "map_public_ip_on_launch": "true",
                            "owner_id": "770349173707",
                            "tags.%": "1",
                            "tags.Name": "zihx-subnet-2",
                            "vpc_id": "vpc-09f26c23aebb705d1"
                        },
                        "meta": {
                            "e2bfb730-ecaa-11e6-8f88-34363bc7c4c0": {
                                "create": 600000000000,
                                "delete": 1200000000000
                            },
                            "schema_version": "1"
                        },
                        "tainted": false
                    },
                    "deposed": [],
                    "provider": "provider.aws"
                },
                "aws_vpc.main": {
                    "type": "aws_vpc",
                    "depends_on": [],
                    "primary": {
                        "id": "vpc-09f26c23aebb705d1",
                        "attributes": {
                            "arn": "arn:aws-cn:ec2:cn-north-1:770349173707:vpc/vpc-09f26c23aebb705d1",
                            "assign_generated_ipv6_cidr_block": "false",
                            "cidr_block": "162.31.0.0/16",
                            "default_network_acl_id": "acl-023ebbd8ebbbe2a32",
                            "default_route_table_id": "rtb-0c712bd18bf0f9f39",
                            "default_security_group_id": "sg-0921c15d3e2cc8d98",
                            "dhcp_options_id": "dopt-e1201784",
                            "enable_dns_hostnames": "true",
                            "enable_dns_support": "true",
                            "id": "vpc-09f26c23aebb705d1",
                            "instance_tenancy": "default",
                            "ipv6_association_id": "",
                            "ipv6_cidr_block": "",
                            "main_route_table_id": "rtb-0c712bd18bf0f9f39",
                            "owner_id": "770349173707",
                            "tags.%": "1",
                            "tags.Name": "zihx-vpc"
                        },
                        "meta": {
                            "schema_version": "1"
                        },
                        "tainted": false
                    },
                    "deposed": [],
                    "provider": "provider.aws"
                },
                "data.aws_availability_zones.azs": {
                    "type": "aws_availability_zones",
                    "depends_on": [],
                    "primary": {
                        "id": "2019-07-24 09:03:46.7301673 +0000 UTC",
                        "attributes": {
                            "id": "2019-07-24 09:03:46.7301673 +0000 UTC",
                            "names.#": "2",
                            "names.0": "cn-north-1a",
                            "names.1": "cn-north-1b",
                            "zone_ids.#": "2",
                            "zone_ids.0": "cnn1-az1",
                            "zone_ids.1": "cnn1-az2"
                        },
                        "meta": {},
                        "tainted": false
                    },
                    "deposed": [],
                    "provider": "provider.aws"
                }
            },
            "depends_on": []
        }
    ]
}
